{
  "name": "binary-search",
  "version": "1.0.0",
  "lockfileVersion": 2,
  "requires": true,
  "packages": {
    "": {
      "version": "1.0.0",
      "license": "ISC",
      "dependencies": {
        "@types/node": "^16.10.1",
        "wasup": "^0.0.4"
      }
    },
    "node_modules/@types/node": {
      "version": "16.10.1",
      "resolved": "https://registry.npmjs.org/@types/node/-/node-16.10.1.tgz",
      "integrity": "sha512-4/Z9DMPKFexZj/Gn3LylFgamNKHm4K3QDi0gz9B26Uk0c8izYf97B5fxfpspMNkWlFupblKM/nV8+NA9Ffvr+w=="
    },
    "node_modules/wasup": {
      "version": "0.0.4",
      "resolved": "https://registry.npmjs.org/wasup/-/wasup-0.0.4.tgz",
      "integrity": "sha512-Jk4RzjlyHIC4k3A8FDS8P5FHA0agO5kms4dQcc0pXa7YbnAl/XE2j4TbIGolbRo/YAu5/8zAh32K5kZqMys5cg==",
      "engines": {
        "node": ">=10"
      }
    }
  },
  "dependencies": {
    "@types/node": {
      "version": "16.10.1",
      "resolved": "https://registry.npmjs.org/@types/node/-/node-16.10.1.tgz",
      "integrity": "sha512-4/Z9DMPKFexZj/Gn3LylFgamNKHm4K3QDi0gz9B26Uk0c8izYf97B5fxfpspMNkWlFupblKM/nV8+NA9Ffvr+w=="
    },
    "wasup": {
      "version": "0.0.4",
      "resolved": "https://registry.npmjs.org/wasup/-/wasup-0.0.4.tgz",
      "integrity": "sha512-Jk4RzjlyHIC4k3A8FDS8P5FHA0agO5kms4dQcc0pXa7YbnAl/XE2j4TbIGolbRo/YAu5/8zAh32K5kZqMys5cg=="
    }
  }
}
