{
  "name": "binary-search",
  "version": "1.0.0",
  "lockfileVersion": 2,
  "requires": true,
  "packages": {
    "": {
      "version": "1.0.0",
      "license": "ISC",
      "dependencies": {
        "wasup": "^0.0.1"
      }
    },
    "node_modules/wasup": {
      "version": "0.0.1",
      "resolved": "https://registry.npmjs.org/wasup/-/wasup-0.0.1.tgz",
      "integrity": "sha512-1vKEc1IbU8G3SbGz1yWWPHKBg7r25Re19BeEJMD0wARvbzLDJUnirrmNthhWeSDYOs0BUtequf+e46pyw+/gAw==",
      "engines": {
        "node": ">=10"
      }
    }
  },
  "dependencies": {
    "wasup": {
      "version": "0.0.1",
      "resolved": "https://registry.npmjs.org/wasup/-/wasup-0.0.1.tgz",
      "integrity": "sha512-1vKEc1IbU8G3SbGz1yWWPHKBg7r25Re19BeEJMD0wARvbzLDJUnirrmNthhWeSDYOs0BUtequf+e46pyw+/gAw=="
    }
  }
}
